// !$*UTF8*$!
{
	archiveVersion = 1;
	classes = {
	};
	objectVersion = 46;
	objects = {

/* Begin PBXBuildFile section */
		182115DB1C25653D002EC33F /* main.m in Sources */ = {isa = PBXBuildFile; fileRef = 182115DA1C25653D002EC33F /* main.m */; };
		182115DE1C25653D002EC33F /* AppDelegate.m in Sources */ = {isa = PBXBuildFile; fileRef = 182115DD1C25653D002EC33F /* AppDelegate.m */; };
		182115E11C25653D002EC33F /* ViewController.m in Sources */ = {isa = PBXBuildFile; fileRef = 182115E01C25653D002EC33F /* ViewController.m */; };
		182115E41C25653D002EC33F /* Main.storyboard in Resources */ = {isa = PBXBuildFile; fileRef = 182115E21C25653D002EC33F /* Main.storyboard */; };
		182115E71C25653D002EC33F /* Contact_App.xcdatamodeld in Sources */ = {isa = PBXBuildFile; fileRef = 182115E51C25653D002EC33F /* Contact_App.xcdatamodeld */; };
		182115E91C25653D002EC33F /* Assets.xcassets in Resources */ = {isa = PBXBuildFile; fileRef = 182115E81C25653D002EC33F /* Assets.xcassets */; };
		182115EC1C25653D002EC33F /* LaunchScreen.storyboard in Resources */ = {isa = PBXBuildFile; fileRef = 182115EA1C25653D002EC33F /* LaunchScreen.storyboard */; };
		182115F71C2567E6002EC33F /* location.png in Resources */ = {isa = PBXBuildFile; fileRef = 182115F41C2567E6002EC33F /* location.png */; };
		182115F81C2567E6002EC33F /* photo.png in Resources */ = {isa = PBXBuildFile; fileRef = 182115F51C2567E6002EC33F /* photo.png */; };
		182115F91C2567E6002EC33F /* user.png in Resources */ = {isa = PBXBuildFile; fileRef = 182115F61C2567E6002EC33F /* user.png */; };
		182115FB1C25688D002EC33F /* list.png in Resources */ = {isa = PBXBuildFile; fileRef = 182115FA1C25688D002EC33F /* list.png */; };
		182115FD1C2569AD002EC33F /* AddressBook.framework in Frameworks */ = {isa = PBXBuildFile; fileRef = 182115FC1C2569AD002EC33F /* AddressBook.framework */; };
		182115FF1C2569B8002EC33F /* AddressBookUI.framework in Frameworks */ = {isa = PBXBuildFile; fileRef = 182115FE1C2569B8002EC33F /* AddressBookUI.framework */; };
		182116021C256DBB002EC33F /* MapViewController.m in Sources */ = {isa = PBXBuildFile; fileRef = 182116011C256DBB002EC33F /* MapViewController.m */; };
		182116041C256E16002EC33F /* MapKit.framework in Frameworks */ = {isa = PBXBuildFile; fileRef = 182116031C256E16002EC33F /* MapKit.framework */; };
		182116061C256E22002EC33F /* CoreLocation.framework in Frameworks */ = {isa = PBXBuildFile; fileRef = 182116051C256E22002EC33F /* CoreLocation.framework */; };
		182116091C257D40002EC33F /* ContactTableViewController.m in Sources */ = {isa = PBXBuildFile; fileRef = 182116081C257D40002EC33F /* ContactTableViewController.m */; };
/* End PBXBuildFile section */

/* Begin PBXFileReference section */
		182115D61C25653D002EC33F /* Contact App.app */ = {isa = PBXFileReference; explicitFileType = wrapper.application; includeInIndex = 0; path = "Contact App.app"; sourceTree = BUILT_PRODUCTS_DIR; };
		182115DA1C25653D002EC33F /* main.m */ = {isa = PBXFileReference; lastKnownFileType = sourcecode.c.objc; path = main.m; sourceTree = "<group>"; };
		182115DC1C25653D002EC33F /* AppDelegate.h */ = {isa = PBXFileReference; lastKnownFileType = sourcecode.c.h; path = AppDelegate.h; sourceTree = "<group>"; };
		182115DD1C25653D002EC33F /* AppDelegate.m */ = {isa = PBXFileReference; lastKnownFileType = sourcecode.c.objc; path = AppDelegate.m; sourceTree = "<group>"; };
		182115DF1C25653D002EC33F /* ViewController.h */ = {isa = PBXFileReference; lastKnownFileType = sourcecode.c.h; path = ViewController.h; sourceTree = "<group>"; };
		182115E01C25653D002EC33F /* ViewController.m */ = {isa = PBXFileReference; lastKnownFileType = sourcecode.c.objc; path = ViewController.m; sourceTree = "<group>"; };
		182115E31C25653D002EC33F /* Base */ = {isa = PBXFileReference; lastKnownFileType = file.storyboard; name = Base; path = Base.lproj/Main.storyboard; sourceTree = "<group>"; };
		182115E61C25653D002EC33F /* Contact_App.xcdatamodel */ = {isa = PBXFileReference; lastKnownFileType = wrapper.xcdatamodel; path = Contact_App.xcdatamodel; sourceTree = "<group>"; };
		182115E81C25653D002EC33F /* Assets.xcassets */ = {isa = PBXFileReference; lastKnownFileType = folder.assetcatalog; path = Assets.xcassets; sourceTree = "<group>"; };
		182115EB1C25653D002EC33F /* Base */ = {isa = PBXFileReference; lastKnownFileType = file.storyboard; name = Base; path = Base.lproj/LaunchScreen.storyboard; sourceTree = "<group>"; };
		182115ED1C25653D002EC33F /* Info.plist */ = {isa = PBXFileReference; lastKnownFileType = text.plist.xml; path = Info.plist; sourceTree = "<group>"; };
		182115F41C2567E6002EC33F /* location.png */ = {isa = PBXFileReference; lastKnownFileType = image.png; path = location.png; sourceTree = "<group>"; };
		182115F51C2567E6002EC33F /* photo.png */ = {isa = PBXFileReference; lastKnownFileType = image.png; path = photo.png; sourceTree = "<group>"; };
		182115F61C2567E6002EC33F /* user.png */ = {isa = PBXFileReference; lastKnownFileType = image.png; path = user.png; sourceTree = "<group>"; };
		182115FA1C25688D002EC33F /* list.png */ = {isa = PBXFileReference; lastKnownFileType = image.png; path = list.png; sourceTree = "<group>"; };
		182115FC1C2569AD002EC33F /* AddressBook.framework */ = {isa = PBXFileReference; lastKnownFileType = wrapper.framework; name = AddressBook.framework; path = System/Library/Frameworks/AddressBook.framework; sourceTree = SDKROOT; };
		182115FE1C2569B8002EC33F /* AddressBookUI.framework */ = {isa = PBXFileReference; lastKnownFileType = wrapper.framework; name = AddressBookUI.framework; path = System/Library/Frameworks/AddressBookUI.framework; sourceTree = SDKROOT; };
		182116001C256DBB002EC33F /* MapViewController.h */ = {isa = PBXFileReference; fileEncoding = 4; lastKnownFileType = sourcecode.c.h; path = MapViewController.h; sourceTree = "<group>"; };
		182116011C256DBB002EC33F /* MapViewController.m */ = {isa = PBXFileReference; fileEncoding = 4; lastKnownFileType = sourcecode.c.objc; path = MapViewController.m; sourceTree = "<group>"; };
		182116031C256E16002EC33F /* MapKit.framework */ = {isa = PBXFileReference; lastKnownFileType = wrapper.framework; name = MapKit.framework; path = System/Library/Frameworks/MapKit.framework; sourceTree = SDKROOT; };
		182116051C256E22002EC33F /* CoreLocation.framework */ = {isa = PBXFileReference; lastKnownFileType = wrapper.framework; name = CoreLocation.framework; path = System/Library/Frameworks/CoreLocation.framework; sourceTree = SDKROOT; };
		182116071C257D40002EC33F /* ContactTableViewController.h */ = {isa = PBXFileReference; fileEncoding = 4; lastKnownFileType = sourcecode.c.h; path = ContactTableViewController.h; sourceTree = "<group>"; };
		182116081C257D40002EC33F /* ContactTableViewController.m */ = {isa = PBXFileReference; fileEncoding = 4; lastKnownFileType = sourcecode.c.objc; path = ContactTableViewController.m; sourceTree = "<group>"; };
/* End PBXFileReference section */

/* Begin PBXFrameworksBuildPhase section */
		182115D31C25653D002EC33F /* Frameworks */ = {
			isa = PBXFrameworksBuildPhase;
			buildActionMask = 2147483647;
			files = (
				182116061C256E22002EC33F /* CoreLocation.framework in Frameworks */,
				182116041C256E16002EC33F /* MapKit.framework in Frameworks */,
				182115FF1C2569B8002EC33F /* AddressBookUI.framework in Frameworks */,
				182115FD1C2569AD002EC33F /* AddressBook.framework in Frameworks */,
			);
			runOnlyForDeploymentPostprocessing = 0;
		};
/* End PBXFrameworksBuildPhase section */

/* Begin PBXGroup section */
		182115CD1C25653D002EC33F = {
			isa = PBXGroup;
			children = (
				182116051C256E22002EC33F /* CoreLocation.framework */,
				182116031C256E16002EC33F /* MapKit.framework */,
				182115FE1C2569B8002EC33F /* AddressBookUI.framework */,
				182115FC1C2569AD002EC33F /* AddressBook.framework */,
				182115D81C25653D002EC33F /* Contact App */,
				182115D71C25653D002EC33F /* Products */,
			);
			sourceTree = "<group>";
		};
		182115D71C25653D002EC33F /* Products */ = {
			isa = PBXGroup;
			children = (
				182115D61C25653D002EC33F /* Contact App.app */,
			);
			name = Products;
			sourceTree = "<group>";
		};
		182115D81C25653D002EC33F /* Contact App */ = {
			isa = PBXGroup;
			children = (
				182115F31C2567D8002EC33F /* Images */,
				182115DC1C25653D002EC33F /* AppDelegate.h */,
				182115DD1C25653D002EC33F /* AppDelegate.m */,
				182115DF1C25653D002EC33F /* ViewController.h */,
				182115E01C25653D002EC33F /* ViewController.m */,
				182116071C257D40002EC33F /* ContactTableViewController.h */,
				182116081C257D40002EC33F /* ContactTableViewController.m */,
				182115E21C25653D002EC33F /* Main.storyboard */,
				182116001C256DBB002EC33F /* MapViewController.h */,
				182116011C256DBB002EC33F /* MapViewController.m */,
				182115E81C25653D002EC33F /* Assets.xcassets */,
				182115EA1C25653D002EC33F /* LaunchScreen.storyboard */,
				182115ED1C25653D002EC33F /* Info.plist */,
				182115E51C25653D002EC33F /* Contact_App.xcdatamodeld */,
				182115D91C25653D002EC33F /* Supporting Files */,
			);
			path = "Contact App";
			sourceTree = "<group>";
		};
		182115D91C25653D002EC33F /* Supporting Files */ = {
			isa = PBXGroup;
			children = (
				182115DA1C25653D002EC33F /* main.m */,
			);
			name = "Supporting Files";
			sourceTree = "<group>";
		};
		182115F31C2567D8002EC33F /* Images */ = {
			isa = PBXGroup;
			children = (
				182115FA1C25688D002EC33F /* list.png */,
				182115F41C2567E6002EC33F /* location.png */,
				182115F51C2567E6002EC33F /* photo.png */,
				182115F61C2567E6002EC33F /* user.png */,
			);
			name = Images;
			sourceTree = "<group>";
		};
/* End PBXGroup section */

/* Begin PBXNativeTarget section */
		182115D51C25653D002EC33F /* Contact App */ = {
			isa = PBXNativeTarget;
			buildConfigurationList = 182115F01C25653D002EC33F /* Build configuration list for PBXNativeTarget "Contact App" */;
			buildPhases = (
				182115D21C25653D002EC33F /* Sources */,
				182115D31C25653D002EC33F /* Frameworks */,
				182115D41C25653D002EC33F /* Resources */,
			);
			buildRules = (
			);
			dependencies = (
			);
			name = "Contact App";
			productName = "Contact App";
			productReference = 182115D61C25653D002EC33F /* Contact App.app */;
			productType = "com.apple.product-type.application";
		};
/* End PBXNativeTarget section */

/* Begin PBXProject section */
		182115CE1C25653D002EC33F /* Project object */ = {
			isa = PBXProject;
			attributes = {
				LastUpgradeCheck = 0720;
				ORGANIZATIONNAME = CDAC;
				TargetAttributes = {
					182115D51C25653D002EC33F = {
						CreatedOnToolsVersion = 7.2;
					};
				};
			};
			buildConfigurationList = 182115D11C25653D002EC33F /* Build configuration list for PBXProject "Contact App" */;
			compatibilityVersion = "Xcode 3.2";
			developmentRegion = English;
			hasScannedForEncodings = 0;
			knownRegions = (
				en,
				Base,
			);
			mainGroup = 182115CD1C25653D002EC33F;
			productRefGroup = 182115D71C25653D002EC33F /* Products */;
			projectDirPath = "";
			projectRoot = "";
			targets = (
				182115D51C25653D002EC33F /* Contact App */,
			);
		};
/* End PBXProject section */

/* Begin PBXResourcesBuildPhase section */
		182115D41C25653D002EC33F /* Resources */ = {
			isa = PBXResourcesBuildPhase;
			buildActionMask = 2147483647;
			files = (
				182115FB1C25688D002EC33F /* list.png in Resources */,
				182115F71C2567E6002EC33F /* location.png in Resources */,
				182115EC1C25653D002EC33F /* LaunchScreen.storyboard in Resources */,
				182115F91C2567E6002EC33F /* user.png in Resources */,
				182115F81C2567E6002EC33F /* photo.png in Resources */,
				182115E91C25653D002EC33F /* Assets.xcassets in Resources */,
				182115E41C25653D002EC33F /* Main.storyboard in Resources */,
			);
			runOnlyForDeploymentPostprocessing = 0;
		};
/* End PBXResourcesBuildPhase section */

/* Begin PBXSourcesBuildPhase section */
		182115D21C25653D002EC33F /* Sources */ = {
			isa = PBXSourcesBuildPhase;
			buildActionMask = 2147483647;
			files = (
				182115E71C25653D002EC33F /* Contact_App.xcdatamodeld in Sources */,
				182115E11C25653D002EC33F /* ViewController.m in Sources */,
				182116021C256DBB002EC33F /* MapViewController.m in Sources */,
				182115DE1C25653D002EC33F /* AppDelegate.m in Sources */,
				182116091C257D40002EC33F /* ContactTableViewController.m in Sources */,
				182115DB1C25653D002EC33F /* main.m in Sources */,
			);
			runOnlyForDeploymentPostprocessing = 0;
		};
/* End PBXSourcesBuildPhase section */

/* Begin PBXVariantGroup section */
		182115E21C25653D002EC33F /* Main.storyboard */ = {
			isa = PBXVariantGroup;
			children = (
				182115E31C25653D002EC33F /* Base */,
			);
			name = Main.storyboard;
			sourceTree = "<group>";
		};
		182115EA1C25653D002EC33F /* LaunchScreen.storyboard */ = {
			isa = PBXVariantGroup;
			children = (
				182115EB1C25653D002EC33F /* Base */,
			);
			name = LaunchScreen.storyboard;
			sourceTree = "<group>";
		};
/* End PBXVariantGroup section */

/* Begin XCBuildConfiguration section */
		182115EE1C25653D002EC33F /* Debug */ = {
			isa = XCBuildConfiguration;
			buildSettings = {
				ALWAYS_SEARCH_USER_PATHS = NO;
				CLANG_CXX_LANGUAGE_STANDARD = "gnu++0x";
				CLANG_CXX_LIBRARY = "libc++";
				CLANG_ENABLE_MODULES = YES;
				CLANG_ENABLE_OBJC_ARC = YES;
				CLANG_WARN_BOOL_CONVERSION = YES;
				CLANG_WARN_CONSTANT_CONVERSION = YES;
				CLANG_WARN_DIRECT_OBJC_ISA_USAGE = YES_ERROR;
				CLANG_WARN_EMPTY_BODY = YES;
				CLANG_WARN_ENUM_CONVERSION = YES;
				CLANG_WARN_INT_CONVERSION = YES;
				CLANG_WARN_OBJC_ROOT_CLASS = YES_ERROR;
				CLANG_WARN_UNREACHABLE_CODE = YES;
				CLANG_WARN__DUPLICATE_METHOD_MATCH = YES;
				"CODE_SIGN_IDENTITY[sdk=iphoneos*]" = "iPhone Developer";
				COPY_PHASE_STRIP = NO;
				DEBUG_INFORMATION_FORMAT = dwarf;
				ENABLE_STRICT_OBJC_MSGSEND = YES;
				ENABLE_TESTABILITY = YES;
				GCC_C_LANGUAGE_STANDARD = gnu99;
				GCC_DYNAMIC_NO_PIC = NO;
				GCC_NO_COMMON_BLOCKS = YES;
				GCC_OPTIMIZATION_LEVEL = 0;
				GCC_PREPROCESSOR_DEFINITIONS = (
					"DEBUG=1",
					"$(inherited)",
				);
				GCC_WARN_64_TO_32_BIT_CONVERSION = YES;
				GCC_WARN_ABOUT_RETURN_TYPE = YES_ERROR;
				GCC_WARN_UNDECLARED_SELECTOR = YES;
				GCC_WARN_UNINITIALIZED_AUTOS = YES_AGGRESSIVE;
				GCC_WARN_UNUSED_FUNCTION = YES;
				GCC_WARN_UNUSED_VARIABLE = YES;
				IPHONEOS_DEPLOYMENT_TARGET = 9.2;
				MTL_ENABLE_DEBUG_INFO = YES;
				ONLY_ACTIVE_ARCH = YES;
				SDKROOT = iphoneos;
			};
			name = Debug;
		};
		182115EF1C25653D002EC33F /* Release */ = {
			isa = XCBuildConfiguration;
			buildSettings = {
				ALWAYS_SEARCH_USER_PATHS = NO;
				CLANG_CXX_LANGUAGE_STANDARD = "gnu++0x";
				CLANG_CXX_LIBRARY = "libc++";
				CLANG_ENABLE_MODULES = YES;
				CLANG_ENABLE_OBJC_ARC = YES;
				CLANG_WARN_BOOL_CONVERSION = YES;
				CLANG_WARN_CONSTANT_CONVERSION = YES;
				CLANG_WARN_DIRECT_OBJC_ISA_USAGE = YES_ERROR;
				CLANG_WARN_EMPTY_BODY = YES;
				CLANG_WARN_ENUM_CONVERSION = YES;
				CLANG_WARN_INT_CONVERSION = YES;
				CLANG_WARN_OBJC_ROOT_CLASS = YES_ERROR;
				CLANG_WARN_UNREACHABLE_CODE = YES;
				CLANG_WARN__DUPLICATE_METHOD_MATCH = YES;
				"CODE_SIGN_IDENTITY[sdk=iphoneos*]" = "iPhone Developer";
				COPY_PHASE_STRIP = NO;
				DEBUG_INFORMATION_FORMAT = "dwarf-with-dsym";
				ENABLE_NS_ASSERTIONS = NO;
				ENABLE_STRICT_OBJC_MSGSEND = YES;
				GCC_C_LANGUAGE_STANDARD = gnu99;
				GCC_NO_COMMON_BLOCKS = YES;
				GCC_WARN_64_TO_32_BIT_CONVERSION = YES;
				GCC_WARN_ABOUT_RETURN_TYPE = YES_ERROR;
				GCC_WARN_UNDECLARED_SELECTOR = YES;
				GCC_WARN_UNINITIALIZED_AUTOS = YES_AGGRESSIVE;
				GCC_WARN_UNUSED_FUNCTION = YES;
				GCC_WARN_UNUSED_VARIABLE = YES;
				IPHONEOS_DEPLOYMENT_TARGET = 9.2;
				MTL_ENABLE_DEBUG_INFO = NO;
				SDKROOT = iphoneos;
				VALIDATE_PRODUCT = YES;
			};
			name = Release;
		};
		182115F11C25653D002EC33F /* Debug */ = {
			isa = XCBuildConfiguration;
			buildSettings = {
				ASSETCATALOG_COMPILER_APPICON_NAME = AppIcon;
				INFOPLIST_FILE = "Contact App/Info.plist";
				LD_RUNPATH_SEARCH_PATHS = "$(inherited) @executable_path/Frameworks";
				PRODUCT_BUNDLE_IDENTIFIER = "com.rahulsharma.Contact-App";
				PRODUCT_NAME = "$(TARGET_NAME)";
			};
			name = Debug;
		};
		182115F21C25653D002EC33F /* Release */ = {
			isa = XCBuildConfiguration;
			buildSettings = {
				ASSETCATALOG_COMPILER_APPICON_NAME = AppIcon;
				INFOPLIST_FILE = "Contact App/Info.plist";
				LD_RUNPATH_SEARCH_PATHS = "$(inherited) @executable_path/Frameworks";
				PRODUCT_BUNDLE_IDENTIFIER = "com.rahulsharma.Contact-App";
				PRODUCT_NAME = "$(TARGET_NAME)";
			};
			name = Release;
		};
/* End XCBuildConfiguration section */

/* Begin XCConfigurationList section */
		182115D11C25653D002EC33F /* Build configuration list for PBXProject "Contact App" */ = {
			isa = XCConfigurationList;
			buildConfigurations = (
				182115EE1C25653D002EC33F /* Debug */,
				182115EF1C25653D002EC33F /* Release */,
			);
			defaultConfigurationIsVisible = 0;
			defaultConfigurationName = Release;
		};
		182115F01C25653D002EC33F /* Build configuration list for PBXNativeTarget "Contact App" */ = {
			isa = XCConfigurationList;
			buildConfigurations = (
				182115F11C25653D002EC33F /* Debug */,
				182115F21C25653D002EC33F /* Release */,
			);
			defaultConfigurationIsVisible = 0;
		};
/* End XCConfigurationList section */

/* Begin XCVersionGroup section */
		182115E51C25653D002EC33F /* Contact_App.xcdatamodeld */ = {
			isa = XCVersionGroup;
			children = (
				182115E61C25653D002EC33F /* Contact_App.xcdatamodel */,
			);
			currentVersion = 182115E61C25653D002EC33F /* Contact_App.xcdatamodel */;
			path = Contact_App.xcdatamodeld;
			sourceTree = "<group>";
			versionGroupType = wrapper.xcdatamodel;
		};
/* End XCVersionGroup section */
	};
	rootObject = 182115CE1C25653D002EC33F /* Project object */;
}
